git https://github.com/mattnite/version.git main src/main.zig 19baf08fdb6d52b9f19137d775b69d1496bd4324
git https://github.com/Hejsil/zig-clap.git master clap.zig 1c09e0dc31918dd716b1032ad3e1d1c080cbbff1
git https://github.com/mattnite/glob.git main src/main.zig 2375fdbbb36e92eeef7393e0ae9b4469a24d4c0e
git https://github.com/ziglibs/known-folders.git master known-folders.zig 24845b0103e611c108d6bc334231c464e699742c
git https://github.com/mattnite/tar.git main src/main.zig 92141da66db3ba3bebb0d2236b4f00983696f2d9
git https://github.com/MasterQ32/zig-uri.git master uri.zig e879df3a236869f92298fbe2db3c25e6e84cfd4c
git https://github.com/mattnite/zzz.git main src/main.zig 564b924e50f133fbb177e7e7ad10bdbbfbcd6844
git https://github.com/mattnite/zig-mbedtls.git main mbedtls.zig a4f5357ca74a7d8586f9464580a0e860ab119e78
git https://github.com/mattnite/zig-libgit2.git main libgit2.zig 0537beeaf38bee849e6a0240ce7b68f240c8385f
git https://github.com/mattnite/zig-libssh2.git main libssh2.zig b5472a817a2b363565c984a3b3d5715b4a519a3f
git https://github.com/mattnite/zig-zlib.git main zlib.zig eca7a5ba547ccf032f2094e2d4e7b1d61520e5eb
git https://github.com/mattnite/zig-libcurl.git main libcurl.zig f1f316dc2dcd219fe9ad48e91812bc176f64dfe0
